
Microsoft Visual Studio Solution File, Format Version 12.00
# Visual Studio Version 17
VisualStudioVersion = 17.4.33213.308
MinimumVisualStudioVersion = 10.0.40219.1
Project("{FAE04EC0-301F-11D3-BF4B-00C04F79EFBC}") = "txrcconv", "txrcconv\txrcconv.csproj", "{3B09A60C-3C62-43AD-9367-045960E7B28C}"
EndProject
Global
	GlobalSection(SolutionConfigurationPlatforms) = preSolution
		Debug|Any CPU = Debug|Any CPU
		Release|Any CPU = Release|Any CPU
	EndGlobalSection
	GlobalSection(ProjectConfigurationPlatforms) = postSolution
		{3B09A60C-3C62-43AD-9367-045960E7B28C}.Debug|Any CPU.ActiveCfg = Debug|Any CPU
		{3B09A60C-3C62-43AD-9367-045960E7B28C}.Debug|Any CPU.Build.0 = Debug|Any CPU
		{3B09A60C-3C62-43AD-9367-045960E7B28C}.Release|Any CPU.ActiveCfg = Release|Any CPU
		{3B09A60C-3C62-43AD-9367-045960E7B28C}.Release|Any CPU.Build.0 = Release|Any CPU
	EndGlobalSection
	GlobalSection(SolutionProperties) = preSolution
		HideSolutionNode = FALSE
	EndGlobalSection
	GlobalSection(ExtensibilityGlobals) = postSolution
		SolutionGuid = {BDB3A914-024F-4F3E-90FA-61DF01B3ED64}
	EndGlobalSection
EndGlobal
